schema: '2.0'
stages:
  data_ingestion:
    cmd: python src/data/data_ingestion.py
    deps:
    - path: src/data/data_ingestion.py
      hash: md5
      md5: caaf549d488798bd2084e75336efb97f
      size: 4219
    params:
      params.yaml:
        data_ingestion.test_size: 0.201
    outs:
    - path: data/raw
      hash: md5
      md5: 7847723ca55528ff5540d2534090224c.dir
      size: 6882906
      nfiles: 2
  data_preprocessing:
    cmd: python src/data/data_preprocessing.py
    deps:
    - path: data/raw/test.csv
      hash: md5
      md5: 1705a60a45651925aa6a6e784be42fbf
      size: 1344950
    - path: data/raw/train.csv
      hash: md5
      md5: 45c884b4a1883ac9ec061fe8bd70f740
      size: 5537956
    - path: src/data/data_preprocessing.py
      hash: md5
      md5: 0caf3d4322a07e68476124fa3cd75e24
      size: 3747
    outs:
    - path: data/interim
      hash: md5
      md5: 41744c6541af64f42197fd09cd102874.dir
      size: 5095933
      nfiles: 2
  model_building:
    cmd: python src/model/model_building.py
    deps:
    - path: data/interim/train_processed.csv
      hash: md5
      md5: 19f46dda2d61e64364ef92ae724b6db5
      size: 4100594
    - path: src/model/model_building.py
      hash: md5
      md5: fc3f9755643967a4d785d501444afedf
      size: 6993
    params:
      params.yaml:
        model_building.learning_rate: 0.09
        model_building.max_depth: 20
        model_building.max_features: 10000
        model_building.n_estimators: 367
        model_building.ngram_range:
        - 1
        - 3
    outs:
    - path: lgbm_model.pkl
      hash: md5
      md5: f1e41b7c2ace30f43353a29fe4e58c1a
      size: 4507827
  model_evaluation:
    cmd: python src/model/model_evaluation.py
    deps:
    - path: data/interim/test_processed.csv
      hash: md5
      md5: 611910616b0ccaa54458231076a94faf
      size: 995339
    - path: data/interim/train_processed.csv
      hash: md5
      md5: 19f46dda2d61e64364ef92ae724b6db5
      size: 4100594
    - path: lgbm_model.pkl
      hash: md5
      md5: f1e41b7c2ace30f43353a29fe4e58c1a
      size: 4507827
    - path: src/model/model_evaluation.py
      hash: md5
      md5: deca054243fff7eab27303a03ed17582
      size: 7599
    outs:
    - path: experiment_info.json
      hash: md5
      md5: 3555701e3ba8bf844b097d9e6d23b5c5
      size: 123
  model_registration:
    cmd: python src/model/register_model.py
    deps:
    - path: experiment_info.json
      hash: md5
      md5: 3555701e3ba8bf844b097d9e6d23b5c5
      size: 123
    - path: src/model/register_model.py
      hash: md5
      md5: 29e8daaff51a2c0dde17f26dc32f055c
      size: 2806
